
Microsoft Visual Studio Solution File, Format Version 12.00
# Visual Studio Version 17
VisualStudioVersion = 17.14.36310.24 d17.14
MinimumVisualStudioVersion = 10.0.40219.1
Project("{FAE04EC0-301F-11D3-BF4B-00C04F79EFBC}") = "activity 7", "activity 7\activity 7.csproj", "{AE8619D1-1D7A-45BC-ADD8-7F53333F0CD4}"
EndProject
Global
	GlobalSection(SolutionConfigurationPlatforms) = preSolution
		Debug|Any CPU = Debug|Any CPU
		Release|Any CPU = Release|Any CPU
	EndGlobalSection
	GlobalSection(ProjectConfigurationPlatforms) = postSolution
		{AE8619D1-1D7A-45BC-ADD8-7F53333F0CD4}.Debug|Any CPU.ActiveCfg = Debug|Any CPU
		{AE8619D1-1D7A-45BC-ADD8-7F53333F0CD4}.Debug|Any CPU.Build.0 = Debug|Any CPU
		{AE8619D1-1D7A-45BC-ADD8-7F53333F0CD4}.Release|Any CPU.ActiveCfg = Release|Any CPU
		{AE8619D1-1D7A-45BC-ADD8-7F53333F0CD4}.Release|Any CPU.Build.0 = Release|Any CPU
	EndGlobalSection
	GlobalSection(SolutionProperties) = preSolution
		HideSolutionNode = FALSE
	EndGlobalSection
	GlobalSection(ExtensibilityGlobals) = postSolution
		SolutionGuid = {DC194F65-111B-4420-A3A4-734BFC87DDCD}
	EndGlobalSection
EndGlobal
